
Microsoft Visual Studio Solution File, Format Version 12.00
# Visual Studio Version 17
VisualStudioVersion = 17.0.32014.148
MinimumVisualStudioVersion = 10.0.40219.1
Project("{FAE04EC0-301F-11D3-BF4B-00C04F79EFBC}") = "Modularz", "Modularz\Modularz.csproj", "{F64166FC-8B67-422A-A545-E08C647549A7}"
EndProject
Project("{FAE04EC0-301F-11D3-BF4B-00C04F79EFBC}") = "Modularz.Data", "Modularz.Data\Modularz.Data.csproj", "{808BF20D-9758-4C57-BA63-0BAE036A348A}"
EndProject
Global
	GlobalSection(SolutionConfigurationPlatforms) = preSolution
		Debug|Any CPU = Debug|Any CPU
		Release|Any CPU = Release|Any CPU
	EndGlobalSection
	GlobalSection(ProjectConfigurationPlatforms) = postSolution
		{F64166FC-8B67-422A-A545-E08C647549A7}.Debug|Any CPU.ActiveCfg = Debug|Any CPU
		{F64166FC-8B67-422A-A545-E08C647549A7}.Debug|Any CPU.Build.0 = Debug|Any CPU
		{F64166FC-8B67-422A-A545-E08C647549A7}.Release|Any CPU.ActiveCfg = Release|Any CPU
		{F64166FC-8B67-422A-A545-E08C647549A7}.Release|Any CPU.Build.0 = Release|Any CPU
		{808BF20D-9758-4C57-BA63-0BAE036A348A}.Debug|Any CPU.ActiveCfg = Debug|Any CPU
		{808BF20D-9758-4C57-BA63-0BAE036A348A}.Debug|Any CPU.Build.0 = Debug|Any CPU
		{808BF20D-9758-4C57-BA63-0BAE036A348A}.Release|Any CPU.ActiveCfg = Release|Any CPU
		{808BF20D-9758-4C57-BA63-0BAE036A348A}.Release|Any CPU.Build.0 = Release|Any CPU
	EndGlobalSection
	GlobalSection(SolutionProperties) = preSolution
		HideSolutionNode = FALSE
	EndGlobalSection
	GlobalSection(ExtensibilityGlobals) = postSolution
		SolutionGuid = {341A30E3-F4FD-4ECA-96CF-F54874BF6A17}
	EndGlobalSection
EndGlobal
